
Microsoft Visual Studio Solution File, Format Version 12.00
# Visual Studio 15
VisualStudioVersion = 15.0.28307.2092
MinimumVisualStudioVersion = 10.0.40219.1
Project("{8BC9CEB8-8B4A-11D0-8D11-00A0C91BC942}") = "APMLib", "..\MathLib\APMLib\APMLib.vcxproj", "{E82A5DAB-3532-4BD8-8B5F-2948697165DB}"
EndProject
Project("{8BC9CEB8-8B4A-11D0-8D11-00A0C91BC942}") = "APMTest_1", "..\MathLib\APMLibTests\APMTest_1\APMTest_1.vcxproj", "{C9BA77E6-8500-4C38-8493-2C3AD28AEC66}"
EndProject
Project("{2150E333-8FDC-42A3-9474-1A3956D46DE8}") = "Tests", "Tests", "{A34717DB-43F7-4844-AFF0-F935EB5FFD6E}"
EndProject
Project("{8BC9CEB8-8B4A-11D0-8D11-00A0C91BC942}") = "APMTest_2", "..\MathLib\APMLibTests\APMTest_2\APMTest_2.vcxproj", "{0057C625-153A-41C7-B34F-CAD38628CDA2}"
EndProject
Global
	GlobalSection(SolutionConfigurationPlatforms) = preSolution
		Debug|x64 = Debug|x64
		Debug|x86 = Debug|x86
		Release|x64 = Release|x64
		Release|x86 = Release|x86
	EndGlobalSection
	GlobalSection(ProjectConfigurationPlatforms) = postSolution
		{E82A5DAB-3532-4BD8-8B5F-2948697165DB}.Debug|x64.ActiveCfg = Debug|x64
		{E82A5DAB-3532-4BD8-8B5F-2948697165DB}.Debug|x64.Build.0 = Debug|x64
		{E82A5DAB-3532-4BD8-8B5F-2948697165DB}.Debug|x86.ActiveCfg = Debug|Win32
		{E82A5DAB-3532-4BD8-8B5F-2948697165DB}.Debug|x86.Build.0 = Debug|Win32
		{E82A5DAB-3532-4BD8-8B5F-2948697165DB}.Release|x64.ActiveCfg = Release|x64
		{E82A5DAB-3532-4BD8-8B5F-2948697165DB}.Release|x64.Build.0 = Release|x64
		{E82A5DAB-3532-4BD8-8B5F-2948697165DB}.Release|x86.ActiveCfg = Release|Win32
		{E82A5DAB-3532-4BD8-8B5F-2948697165DB}.Release|x86.Build.0 = Release|Win32
		{C9BA77E6-8500-4C38-8493-2C3AD28AEC66}.Debug|x64.ActiveCfg = Debug|x64
		{C9BA77E6-8500-4C38-8493-2C3AD28AEC66}.Debug|x64.Build.0 = Debug|x64
		{C9BA77E6-8500-4C38-8493-2C3AD28AEC66}.Debug|x86.ActiveCfg = Debug|Win32
		{C9BA77E6-8500-4C38-8493-2C3AD28AEC66}.Debug|x86.Build.0 = Debug|Win32
		{C9BA77E6-8500-4C38-8493-2C3AD28AEC66}.Release|x64.ActiveCfg = Release|x64
		{C9BA77E6-8500-4C38-8493-2C3AD28AEC66}.Release|x64.Build.0 = Release|x64
		{C9BA77E6-8500-4C38-8493-2C3AD28AEC66}.Release|x86.ActiveCfg = Release|Win32
		{C9BA77E6-8500-4C38-8493-2C3AD28AEC66}.Release|x86.Build.0 = Release|Win32
		{0057C625-153A-41C7-B34F-CAD38628CDA2}.Debug|x64.ActiveCfg = Debug|x64
		{0057C625-153A-41C7-B34F-CAD38628CDA2}.Debug|x64.Build.0 = Debug|x64
		{0057C625-153A-41C7-B34F-CAD38628CDA2}.Debug|x86.ActiveCfg = Debug|Win32
		{0057C625-153A-41C7-B34F-CAD38628CDA2}.Debug|x86.Build.0 = Debug|Win32
		{0057C625-153A-41C7-B34F-CAD38628CDA2}.Release|x64.ActiveCfg = Release|x64
		{0057C625-153A-41C7-B34F-CAD38628CDA2}.Release|x64.Build.0 = Release|x64
		{0057C625-153A-41C7-B34F-CAD38628CDA2}.Release|x86.ActiveCfg = Release|Win32
		{0057C625-153A-41C7-B34F-CAD38628CDA2}.Release|x86.Build.0 = Release|Win32
	EndGlobalSection
	GlobalSection(SolutionProperties) = preSolution
		HideSolutionNode = FALSE
	EndGlobalSection
	GlobalSection(NestedProjects) = preSolution
		{C9BA77E6-8500-4C38-8493-2C3AD28AEC66} = {A34717DB-43F7-4844-AFF0-F935EB5FFD6E}
		{0057C625-153A-41C7-B34F-CAD38628CDA2} = {A34717DB-43F7-4844-AFF0-F935EB5FFD6E}
	EndGlobalSection
	GlobalSection(ExtensibilityGlobals) = postSolution
		SolutionGuid = {5AA04CF7-B5F9-40F2-B018-01B74BE4B132}
	EndGlobalSection
EndGlobal
